// !$*UTF8*$!
{
	archiveVersion = 1;
	classes = {
	};
	objectVersion = 46;
	objects = {

/* Begin PBXBuildFile section */
		235FFAE0A7DB40AAE865F2F4 /* libPods-HFTableViewManger.a in Frameworks */ = {isa = PBXBuildFile; fileRef = E16A2C1B4DF3BD5F3F5CFD46 /* libPods-HFTableViewManger.a */; };
		A88C46AD1D5D6D9B00DEA81C /* main.m in Sources */ = {isa = PBXBuildFile; fileRef = A88C46AC1D5D6D9B00DEA81C /* main.m */; };
		A88C46B01D5D6D9B00DEA81C /* AppDelegate.m in Sources */ = {isa = PBXBuildFile; fileRef = A88C46AF1D5D6D9B00DEA81C /* AppDelegate.m */; };
		A88C46B31D5D6D9B00DEA81C /* ViewController.m in Sources */ = {isa = PBXBuildFile; fileRef = A88C46B21D5D6D9B00DEA81C /* ViewController.m */; };
		A88C46B61D5D6D9B00DEA81C /* Main.storyboard in Resources */ = {isa = PBXBuildFile; fileRef = A88C46B41D5D6D9B00DEA81C /* Main.storyboard */; };
		A88C46B81D5D6D9B00DEA81C /* Assets.xcassets in Resources */ = {isa = PBXBuildFile; fileRef = A88C46B71D5D6D9B00DEA81C /* Assets.xcassets */; };
		A88C46BB1D5D6D9B00DEA81C /* LaunchScreen.storyboard in Resources */ = {isa = PBXBuildFile; fileRef = A88C46B91D5D6D9B00DEA81C /* LaunchScreen.storyboard */; };
		A88C46D01D5D6DEB00DEA81C /* HFTableViewCellFormModel.m in Sources */ = {isa = PBXBuildFile; fileRef = A88C46C51D5D6DEB00DEA81C /* HFTableViewCellFormModel.m */; };
		A88C46D11D5D6DEB00DEA81C /* HFTableViewManger+Form.m in Sources */ = {isa = PBXBuildFile; fileRef = A88C46C71D5D6DEB00DEA81C /* HFTableViewManger+Form.m */; };
		A88C46D21D5D6DEB00DEA81C /* HFTableViewCell.m in Sources */ = {isa = PBXBuildFile; fileRef = A88C46C91D5D6DEB00DEA81C /* HFTableViewCell.m */; };
		A88C46D31D5D6DEB00DEA81C /* HFTableViewCellModel.m in Sources */ = {isa = PBXBuildFile; fileRef = A88C46CB1D5D6DEB00DEA81C /* HFTableViewCellModel.m */; };
		A88C46D41D5D6DEB00DEA81C /* HFTableViewManger.m in Sources */ = {isa = PBXBuildFile; fileRef = A88C46CD1D5D6DEB00DEA81C /* HFTableViewManger.m */; };
		A88C46D51D5D6DEB00DEA81C /* HFTableViewSectionModel.m in Sources */ = {isa = PBXBuildFile; fileRef = A88C46CF1D5D6DEB00DEA81C /* HFTableViewSectionModel.m */; };
		A88C46D81D5D8AEA00DEA81C /* UIViewController+HFTableViewManger.m in Sources */ = {isa = PBXBuildFile; fileRef = A88C46D71D5D8AEA00DEA81C /* UIViewController+HFTableViewManger.m */; };
/* End PBXBuildFile section */

/* Begin PBXFileReference section */
		0462D08899FBA13443895CDD /* Pods-HFTableViewManger.release.xcconfig */ = {isa = PBXFileReference; includeInIndex = 1; lastKnownFileType = text.xcconfig; name = "Pods-HFTableViewManger.release.xcconfig"; path = "Pods/Target Support Files/Pods-HFTableViewManger/Pods-HFTableViewManger.release.xcconfig"; sourceTree = "<group>"; };
		A88C46A81D5D6D9B00DEA81C /* HFTableViewManger.app */ = {isa = PBXFileReference; explicitFileType = wrapper.application; includeInIndex = 0; path = HFTableViewManger.app; sourceTree = BUILT_PRODUCTS_DIR; };
		A88C46AC1D5D6D9B00DEA81C /* main.m */ = {isa = PBXFileReference; lastKnownFileType = sourcecode.c.objc; path = main.m; sourceTree = "<group>"; };
		A88C46AE1D5D6D9B00DEA81C /* AppDelegate.h */ = {isa = PBXFileReference; lastKnownFileType = sourcecode.c.h; path = AppDelegate.h; sourceTree = "<group>"; };
		A88C46AF1D5D6D9B00DEA81C /* AppDelegate.m */ = {isa = PBXFileReference; lastKnownFileType = sourcecode.c.objc; path = AppDelegate.m; sourceTree = "<group>"; };
		A88C46B11D5D6D9B00DEA81C /* ViewController.h */ = {isa = PBXFileReference; lastKnownFileType = sourcecode.c.h; path = ViewController.h; sourceTree = "<group>"; };
		A88C46B21D5D6D9B00DEA81C /* ViewController.m */ = {isa = PBXFileReference; lastKnownFileType = sourcecode.c.objc; path = ViewController.m; sourceTree = "<group>"; };
		A88C46B51D5D6D9B00DEA81C /* Base */ = {isa = PBXFileReference; lastKnownFileType = file.storyboard; name = Base; path = Base.lproj/Main.storyboard; sourceTree = "<group>"; };
		A88C46B71D5D6D9B00DEA81C /* Assets.xcassets */ = {isa = PBXFileReference; lastKnownFileType = folder.assetcatalog; path = Assets.xcassets; sourceTree = "<group>"; };
		A88C46BA1D5D6D9B00DEA81C /* Base */ = {isa = PBXFileReference; lastKnownFileType = file.storyboard; name = Base; path = Base.lproj/LaunchScreen.storyboard; sourceTree = "<group>"; };
		A88C46BC1D5D6D9B00DEA81C /* Info.plist */ = {isa = PBXFileReference; lastKnownFileType = text.plist.xml; path = Info.plist; sourceTree = "<group>"; };
		A88C46C41D5D6DEB00DEA81C /* HFTableViewCellFormModel.h */ = {isa = PBXFileReference; fileEncoding = 4; lastKnownFileType = sourcecode.c.h; path = HFTableViewCellFormModel.h; sourceTree = "<group>"; };
		A88C46C51D5D6DEB00DEA81C /* HFTableViewCellFormModel.m */ = {isa = PBXFileReference; fileEncoding = 4; lastKnownFileType = sourcecode.c.objc; path = HFTableViewCellFormModel.m; sourceTree = "<group>"; };
		A88C46C61D5D6DEB00DEA81C /* HFTableViewManger+Form.h */ = {isa = PBXFileReference; fileEncoding = 4; lastKnownFileType = sourcecode.c.h; path = "HFTableViewManger+Form.h"; sourceTree = "<group>"; };
		A88C46C71D5D6DEB00DEA81C /* HFTableViewManger+Form.m */ = {isa = PBXFileReference; fileEncoding = 4; lastKnownFileType = sourcecode.c.objc; path = "HFTableViewManger+Form.m"; sourceTree = "<group>"; };
		A88C46C81D5D6DEB00DEA81C /* HFTableViewCell.h */ = {isa = PBXFileReference; fileEncoding = 4; lastKnownFileType = sourcecode.c.h; path = HFTableViewCell.h; sourceTree = "<group>"; };
		A88C46C91D5D6DEB00DEA81C /* HFTableViewCell.m */ = {isa = PBXFileReference; fileEncoding = 4; lastKnownFileType = sourcecode.c.objc; path = HFTableViewCell.m; sourceTree = "<group>"; };
		A88C46CA1D5D6DEB00DEA81C /* HFTableViewCellModel.h */ = {isa = PBXFileReference; fileEncoding = 4; lastKnownFileType = sourcecode.c.h; path = HFTableViewCellModel.h; sourceTree = "<group>"; };
		A88C46CB1D5D6DEB00DEA81C /* HFTableViewCellModel.m */ = {isa = PBXFileReference; fileEncoding = 4; lastKnownFileType = sourcecode.c.objc; path = HFTableViewCellModel.m; sourceTree = "<group>"; };
		A88C46CC1D5D6DEB00DEA81C /* HFTableViewManger.h */ = {isa = PBXFileReference; fileEncoding = 4; lastKnownFileType = sourcecode.c.h; path = HFTableViewManger.h; sourceTree = "<group>"; };
		A88C46CD1D5D6DEB00DEA81C /* HFTableViewManger.m */ = {isa = PBXFileReference; fileEncoding = 4; lastKnownFileType = sourcecode.c.objc; path = HFTableViewManger.m; sourceTree = "<group>"; };
		A88C46CE1D5D6DEB00DEA81C /* HFTableViewSectionModel.h */ = {isa = PBXFileReference; fileEncoding = 4; lastKnownFileType = sourcecode.c.h; path = HFTableViewSectionModel.h; sourceTree = "<group>"; };
		A88C46CF1D5D6DEB00DEA81C /* HFTableViewSectionModel.m */ = {isa = PBXFileReference; fileEncoding = 4; lastKnownFileType = sourcecode.c.objc; path = HFTableViewSectionModel.m; sourceTree = "<group>"; };
		A88C46D61D5D8AEA00DEA81C /* UIViewController+HFTableViewManger.h */ = {isa = PBXFileReference; fileEncoding = 4; lastKnownFileType = sourcecode.c.h; path = "UIViewController+HFTableViewManger.h"; sourceTree = "<group>"; };
		A88C46D71D5D8AEA00DEA81C /* UIViewController+HFTableViewManger.m */ = {isa = PBXFileReference; fileEncoding = 4; lastKnownFileType = sourcecode.c.objc; path = "UIViewController+HFTableViewManger.m"; sourceTree = "<group>"; };
		CBD8023F75CA2B38F32084FC /* Pods-HFTableViewManger.debug.xcconfig */ = {isa = PBXFileReference; includeInIndex = 1; lastKnownFileType = text.xcconfig; name = "Pods-HFTableViewManger.debug.xcconfig"; path = "Pods/Target Support Files/Pods-HFTableViewManger/Pods-HFTableViewManger.debug.xcconfig"; sourceTree = "<group>"; };
		E16A2C1B4DF3BD5F3F5CFD46 /* libPods-HFTableViewManger.a */ = {isa = PBXFileReference; explicitFileType = archive.ar; includeInIndex = 0; path = "libPods-HFTableViewManger.a"; sourceTree = BUILT_PRODUCTS_DIR; };
/* End PBXFileReference section */

/* Begin PBXFrameworksBuildPhase section */
		A88C46A51D5D6D9B00DEA81C /* Frameworks */ = {
			isa = PBXFrameworksBuildPhase;
			buildActionMask = 2147483647;
			files = (
				235FFAE0A7DB40AAE865F2F4 /* libPods-HFTableViewManger.a in Frameworks */,
			);
			runOnlyForDeploymentPostprocessing = 0;
		};
/* End PBXFrameworksBuildPhase section */

/* Begin PBXGroup section */
		1279A53BF66392D79FF9DFD7 /* Frameworks */ = {
			isa = PBXGroup;
			children = (
				E16A2C1B4DF3BD5F3F5CFD46 /* libPods-HFTableViewManger.a */,
			);
			name = Frameworks;
			sourceTree = "<group>";
		};
		A88C469F1D5D6D9A00DEA81C = {
			isa = PBXGroup;
			children = (
				A88C46AA1D5D6D9B00DEA81C /* HFTableViewManger */,
				A88C46A91D5D6D9B00DEA81C /* Products */,
				DBF34DDE5CB8AAA0EE9B4DA3 /* Pods */,
				1279A53BF66392D79FF9DFD7 /* Frameworks */,
			);
			sourceTree = "<group>";
		};
		A88C46A91D5D6D9B00DEA81C /* Products */ = {
			isa = PBXGroup;
			children = (
				A88C46A81D5D6D9B00DEA81C /* HFTableViewManger.app */,
			);
			name = Products;
			sourceTree = "<group>";
		};
		A88C46AA1D5D6D9B00DEA81C /* HFTableViewManger */ = {
			isa = PBXGroup;
			children = (
				A88C46C21D5D6DB700DEA81C /* Classes */,
				A88C46AE1D5D6D9B00DEA81C /* AppDelegate.h */,
				A88C46AF1D5D6D9B00DEA81C /* AppDelegate.m */,
				A88C46D61D5D8AEA00DEA81C /* UIViewController+HFTableViewManger.h */,
				A88C46D71D5D8AEA00DEA81C /* UIViewController+HFTableViewManger.m */,
				A88C46B11D5D6D9B00DEA81C /* ViewController.h */,
				A88C46B21D5D6D9B00DEA81C /* ViewController.m */,
				A88C46B41D5D6D9B00DEA81C /* Main.storyboard */,
				A88C46B71D5D6D9B00DEA81C /* Assets.xcassets */,
				A88C46B91D5D6D9B00DEA81C /* LaunchScreen.storyboard */,
				A88C46BC1D5D6D9B00DEA81C /* Info.plist */,
				A88C46AB1D5D6D9B00DEA81C /* Supporting Files */,
			);
			path = HFTableViewManger;
			sourceTree = "<group>";
		};
		A88C46AB1D5D6D9B00DEA81C /* Supporting Files */ = {
			isa = PBXGroup;
			children = (
				A88C46AC1D5D6D9B00DEA81C /* main.m */,
			);
			name = "Supporting Files";
			sourceTree = "<group>";
		};
		A88C46C21D5D6DB700DEA81C /* Classes */ = {
			isa = PBXGroup;
			children = (
				A88C46C31D5D6DEB00DEA81C /* HFTableView+Form */,
				A88C46C81D5D6DEB00DEA81C /* HFTableViewCell.h */,
				A88C46C91D5D6DEB00DEA81C /* HFTableViewCell.m */,
				A88C46CA1D5D6DEB00DEA81C /* HFTableViewCellModel.h */,
				A88C46CB1D5D6DEB00DEA81C /* HFTableViewCellModel.m */,
				A88C46CC1D5D6DEB00DEA81C /* HFTableViewManger.h */,
				A88C46CD1D5D6DEB00DEA81C /* HFTableViewManger.m */,
				A88C46CE1D5D6DEB00DEA81C /* HFTableViewSectionModel.h */,
				A88C46CF1D5D6DEB00DEA81C /* HFTableViewSectionModel.m */,
			);
			path = Classes;
			sourceTree = "<group>";
		};
		A88C46C31D5D6DEB00DEA81C /* HFTableView+Form */ = {
			isa = PBXGroup;
			children = (
				A88C46C41D5D6DEB00DEA81C /* HFTableViewCellFormModel.h */,
				A88C46C51D5D6DEB00DEA81C /* HFTableViewCellFormModel.m */,
				A88C46C61D5D6DEB00DEA81C /* HFTableViewManger+Form.h */,
				A88C46C71D5D6DEB00DEA81C /* HFTableViewManger+Form.m */,
			);
			path = "HFTableView+Form";
			sourceTree = "<group>";
		};
		DBF34DDE5CB8AAA0EE9B4DA3 /* Pods */ = {
			isa = PBXGroup;
			children = (
				CBD8023F75CA2B38F32084FC /* Pods-HFTableViewManger.debug.xcconfig */,
				0462D08899FBA13443895CDD /* Pods-HFTableViewManger.release.xcconfig */,
			);
			name = Pods;
			sourceTree = "<group>";
		};
/* End PBXGroup section */

/* Begin PBXNativeTarget section */
		A88C46A71D5D6D9B00DEA81C /* HFTableViewManger */ = {
			isa = PBXNativeTarget;
			buildConfigurationList = A88C46BF1D5D6D9B00DEA81C /* Build configuration list for PBXNativeTarget "HFTableViewManger" */;
			buildPhases = (
				E3BCEAA6E16CB687C165F0DA /* Check Pods Manifest.lock */,
				A88C46A41D5D6D9B00DEA81C /* Sources */,
				A88C46A51D5D6D9B00DEA81C /* Frameworks */,
				A88C46A61D5D6D9B00DEA81C /* Resources */,
				144B0D0C2543EC3B3AD7FB13 /* Embed Pods Frameworks */,
				36C4F2AA7CD1672F48A6D25C /* Copy Pods Resources */,
			);
			buildRules = (
			);
			dependencies = (
			);
			name = HFTableViewManger;
			productName = HFTableViewManger;
			productReference = A88C46A81D5D6D9B00DEA81C /* HFTableViewManger.app */;
			productType = "com.apple.product-type.application";
		};
/* End PBXNativeTarget section */

/* Begin PBXProject section */
		A88C46A01D5D6D9A00DEA81C /* Project object */ = {
			isa = PBXProject;
			attributes = {
				LastUpgradeCheck = 0730;
				ORGANIZATIONNAME = HF;
				TargetAttributes = {
					A88C46A71D5D6D9B00DEA81C = {
						CreatedOnToolsVersion = 7.3.1;
					};
				};
			};
			buildConfigurationList = A88C46A31D5D6D9A00DEA81C /* Build configuration list for PBXProject "HFTableViewManger" */;
			compatibilityVersion = "Xcode 3.2";
			developmentRegion = English;
			hasScannedForEncodings = 0;
			knownRegions = (
				en,
				Base,
			);
			mainGroup = A88C469F1D5D6D9A00DEA81C;
			productRefGroup = A88C46A91D5D6D9B00DEA81C /* Products */;
			projectDirPath = "";
			projectRoot = "";
			targets = (
				A88C46A71D5D6D9B00DEA81C /* HFTableViewManger */,
			);
		};
/* End PBXProject section */

/* Begin PBXResourcesBuildPhase section */
		A88C46A61D5D6D9B00DEA81C /* Resources */ = {
			isa = PBXResourcesBuildPhase;
			buildActionMask = 2147483647;
			files = (
				A88C46BB1D5D6D9B00DEA81C /* LaunchScreen.storyboard in Resources */,
				A88C46B81D5D6D9B00DEA81C /* Assets.xcassets in Resources */,
				A88C46B61D5D6D9B00DEA81C /* Main.storyboard in Resources */,
			);
			runOnlyForDeploymentPostprocessing = 0;
		};
/* End PBXResourcesBuildPhase section */

/* Begin PBXShellScriptBuildPhase section */
		144B0D0C2543EC3B3AD7FB13 /* Embed Pods Frameworks */ = {
			isa = PBXShellScriptBuildPhase;
			buildActionMask = 2147483647;
			files = (
			);
			inputPaths = (
			);
			name = "Embed Pods Frameworks";
			outputPaths = (
			);
			runOnlyForDeploymentPostprocessing = 0;
			shellPath = /bin/sh;
			shellScript = "\"${SRCROOT}/Pods/Target Support Files/Pods-HFTableViewManger/Pods-HFTableViewManger-frameworks.sh\"\n";
			showEnvVarsInLog = 0;
		};
		36C4F2AA7CD1672F48A6D25C /* Copy Pods Resources */ = {
			isa = PBXShellScriptBuildPhase;
			buildActionMask = 2147483647;
			files = (
			);
			inputPaths = (
			);
			name = "Copy Pods Resources";
			outputPaths = (
			);
			runOnlyForDeploymentPostprocessing = 0;
			shellPath = /bin/sh;
			shellScript = "\"${SRCROOT}/Pods/Target Support Files/Pods-HFTableViewManger/Pods-HFTableViewManger-resources.sh\"\n";
			showEnvVarsInLog = 0;
		};
		E3BCEAA6E16CB687C165F0DA /* Check Pods Manifest.lock */ = {
			isa = PBXShellScriptBuildPhase;
			buildActionMask = 2147483647;
			files = (
			);
			inputPaths = (
			);
			name = "Check Pods Manifest.lock";
			outputPaths = (
			);
			runOnlyForDeploymentPostprocessing = 0;
			shellPath = /bin/sh;
			shellScript = "diff \"${PODS_ROOT}/../Podfile.lock\" \"${PODS_ROOT}/Manifest.lock\" > /dev/null\nif [[ $? != 0 ]] ; then\n    cat << EOM\nerror: The sandbox is not in sync with the Podfile.lock. Run 'pod install' or update your CocoaPods installation.\nEOM\n    exit 1\nfi\n";
			showEnvVarsInLog = 0;
		};
/* End PBXShellScriptBuildPhase section */

/* Begin PBXSourcesBuildPhase section */
		A88C46A41D5D6D9B00DEA81C /* Sources */ = {
			isa = PBXSourcesBuildPhase;
			buildActionMask = 2147483647;
			files = (
				A88C46D11D5D6DEB00DEA81C /* HFTableViewManger+Form.m in Sources */,
				A88C46D41D5D6DEB00DEA81C /* HFTableViewManger.m in Sources */,
				A88C46B31D5D6D9B00DEA81C /* ViewController.m in Sources */,
				A88C46B01D5D6D9B00DEA81C /* AppDelegate.m in Sources */,
				A88C46D31D5D6DEB00DEA81C /* HFTableViewCellModel.m in Sources */,
				A88C46D51D5D6DEB00DEA81C /* HFTableViewSectionModel.m in Sources */,
				A88C46AD1D5D6D9B00DEA81C /* main.m in Sources */,
				A88C46D01D5D6DEB00DEA81C /* HFTableViewCellFormModel.m in Sources */,
				A88C46D81D5D8AEA00DEA81C /* UIViewController+HFTableViewManger.m in Sources */,
				A88C46D21D5D6DEB00DEA81C /* HFTableViewCell.m in Sources */,
			);
			runOnlyForDeploymentPostprocessing = 0;
		};
/* End PBXSourcesBuildPhase section */

/* Begin PBXVariantGroup section */
		A88C46B41D5D6D9B00DEA81C /* Main.storyboard */ = {
			isa = PBXVariantGroup;
			children = (
				A88C46B51D5D6D9B00DEA81C /* Base */,
			);
			name = Main.storyboard;
			sourceTree = "<group>";
		};
		A88C46B91D5D6D9B00DEA81C /* LaunchScreen.storyboard */ = {
			isa = PBXVariantGroup;
			children = (
				A88C46BA1D5D6D9B00DEA81C /* Base */,
			);
			name = LaunchScreen.storyboard;
			sourceTree = "<group>";
		};
/* End PBXVariantGroup section */

/* Begin XCBuildConfiguration section */
		A88C46BD1D5D6D9B00DEA81C /* Debug */ = {
			isa = XCBuildConfiguration;
			buildSettings = {
				ALWAYS_SEARCH_USER_PATHS = NO;
				CLANG_ANALYZER_NONNULL = YES;
				CLANG_CXX_LANGUAGE_STANDARD = "gnu++0x";
				CLANG_CXX_LIBRARY = "libc++";
				CLANG_ENABLE_MODULES = YES;
				CLANG_ENABLE_OBJC_ARC = YES;
				CLANG_WARN_BOOL_CONVERSION = YES;
				CLANG_WARN_CONSTANT_CONVERSION = YES;
				CLANG_WARN_DIRECT_OBJC_ISA_USAGE = YES_ERROR;
				CLANG_WARN_EMPTY_BODY = YES;
				CLANG_WARN_ENUM_CONVERSION = YES;
				CLANG_WARN_INT_CONVERSION = YES;
				CLANG_WARN_OBJC_ROOT_CLASS = YES_ERROR;
				CLANG_WARN_UNREACHABLE_CODE = YES;
				CLANG_WARN__DUPLICATE_METHOD_MATCH = YES;
				"CODE_SIGN_IDENTITY[sdk=iphoneos*]" = "iPhone Developer";
				COPY_PHASE_STRIP = NO;
				DEBUG_INFORMATION_FORMAT = dwarf;
				ENABLE_STRICT_OBJC_MSGSEND = YES;
				ENABLE_TESTABILITY = YES;
				GCC_C_LANGUAGE_STANDARD = gnu99;
				GCC_DYNAMIC_NO_PIC = NO;
				GCC_NO_COMMON_BLOCKS = YES;
				GCC_OPTIMIZATION_LEVEL = 0;
				GCC_PREPROCESSOR_DEFINITIONS = (
					"DEBUG=1",
					"$(inherited)",
				);
				GCC_WARN_64_TO_32_BIT_CONVERSION = YES;
				GCC_WARN_ABOUT_RETURN_TYPE = YES_ERROR;
				GCC_WARN_UNDECLARED_SELECTOR = YES;
				GCC_WARN_UNINITIALIZED_AUTOS = YES_AGGRESSIVE;
				GCC_WARN_UNUSED_FUNCTION = YES;
				GCC_WARN_UNUSED_VARIABLE = YES;
				IPHONEOS_DEPLOYMENT_TARGET = 9.3;
				MTL_ENABLE_DEBUG_INFO = YES;
				ONLY_ACTIVE_ARCH = YES;
				SDKROOT = iphoneos;
			};
			name = Debug;
		};
		A88C46BE1D5D6D9B00DEA81C /* Release */ = {
			isa = XCBuildConfiguration;
			buildSettings = {
				ALWAYS_SEARCH_USER_PATHS = NO;
				CLANG_ANALYZER_NONNULL = YES;
				CLANG_CXX_LANGUAGE_STANDARD = "gnu++0x";
				CLANG_CXX_LIBRARY = "libc++";
				CLANG_ENABLE_MODULES = YES;
				CLANG_ENABLE_OBJC_ARC = YES;
				CLANG_WARN_BOOL_CONVERSION = YES;
				CLANG_WARN_CONSTANT_CONVERSION = YES;
				CLANG_WARN_DIRECT_OBJC_ISA_USAGE = YES_ERROR;
				CLANG_WARN_EMPTY_BODY = YES;
				CLANG_WARN_ENUM_CONVERSION = YES;
				CLANG_WARN_INT_CONVERSION = YES;
				CLANG_WARN_OBJC_ROOT_CLASS = YES_ERROR;
				CLANG_WARN_UNREACHABLE_CODE = YES;
				CLANG_WARN__DUPLICATE_METHOD_MATCH = YES;
				"CODE_SIGN_IDENTITY[sdk=iphoneos*]" = "iPhone Developer";
				COPY_PHASE_STRIP = NO;
				DEBUG_INFORMATION_FORMAT = "dwarf-with-dsym";
				ENABLE_NS_ASSERTIONS = NO;
				ENABLE_STRICT_OBJC_MSGSEND = YES;
				GCC_C_LANGUAGE_STANDARD = gnu99;
				GCC_NO_COMMON_BLOCKS = YES;
				GCC_WARN_64_TO_32_BIT_CONVERSION = YES;
				GCC_WARN_ABOUT_RETURN_TYPE = YES_ERROR;
				GCC_WARN_UNDECLARED_SELECTOR = YES;
				GCC_WARN_UNINITIALIZED_AUTOS = YES_AGGRESSIVE;
				GCC_WARN_UNUSED_FUNCTION = YES;
				GCC_WARN_UNUSED_VARIABLE = YES;
				IPHONEOS_DEPLOYMENT_TARGET = 9.3;
				MTL_ENABLE_DEBUG_INFO = NO;
				SDKROOT = iphoneos;
				VALIDATE_PRODUCT = YES;
			};
			name = Release;
		};
		A88C46C01D5D6D9B00DEA81C /* Debug */ = {
			isa = XCBuildConfiguration;
			baseConfigurationReference = CBD8023F75CA2B38F32084FC /* Pods-HFTableViewManger.debug.xcconfig */;
			buildSettings = {
				ASSETCATALOG_COMPILER_APPICON_NAME = AppIcon;
				INFOPLIST_FILE = HFTableViewManger/Info.plist;
				LD_RUNPATH_SEARCH_PATHS = "$(inherited) @executable_path/Frameworks";
				PRODUCT_BUNDLE_IDENTIFIER = com.helfy.HFTableViewManger;
				PRODUCT_NAME = "$(TARGET_NAME)";
			};
			name = Debug;
		};
		A88C46C11D5D6D9B00DEA81C /* Release */ = {
			isa = XCBuildConfiguration;
			baseConfigurationReference = 0462D08899FBA13443895CDD /* Pods-HFTableViewManger.release.xcconfig */;
			buildSettings = {
				ASSETCATALOG_COMPILER_APPICON_NAME = AppIcon;
				INFOPLIST_FILE = HFTableViewManger/Info.plist;
				LD_RUNPATH_SEARCH_PATHS = "$(inherited) @executable_path/Frameworks";
				PRODUCT_BUNDLE_IDENTIFIER = com.helfy.HFTableViewManger;
				PRODUCT_NAME = "$(TARGET_NAME)";
			};
			name = Release;
		};
/* End XCBuildConfiguration section */

/* Begin XCConfigurationList section */
		A88C46A31D5D6D9A00DEA81C /* Build configuration list for PBXProject "HFTableViewManger" */ = {
			isa = XCConfigurationList;
			buildConfigurations = (
				A88C46BD1D5D6D9B00DEA81C /* Debug */,
				A88C46BE1D5D6D9B00DEA81C /* Release */,
			);
			defaultConfigurationIsVisible = 0;
			defaultConfigurationName = Release;
		};
		A88C46BF1D5D6D9B00DEA81C /* Build configuration list for PBXNativeTarget "HFTableViewManger" */ = {
			isa = XCConfigurationList;
			buildConfigurations = (
				A88C46C01D5D6D9B00DEA81C /* Debug */,
				A88C46C11D5D6D9B00DEA81C /* Release */,
			);
			defaultConfigurationIsVisible = 0;
			defaultConfigurationName = Release;
		};
/* End XCConfigurationList section */
	};
	rootObject = A88C46A01D5D6D9A00DEA81C /* Project object */;
}
